// !$*UTF8*$!
{
	archiveVersion = 1;
	classes = {
	};
	objectVersion = 46;
	objects = {

/* Begin PBXBuildFile section */
		BFFED1A81DD4AFF500FC8C76 /* main.m in Sources */ = {isa = PBXBuildFile; fileRef = BFFED1A71DD4AFF500FC8C76 /* main.m */; };
		BFFED1AB1DD4AFF500FC8C76 /* AppDelegate.m in Sources */ = {isa = PBXBuildFile; fileRef = BFFED1AA1DD4AFF500FC8C76 /* AppDelegate.m */; };
		BFFED1AE1DD4AFF500FC8C76 /* ViewController.m in Sources */ = {isa = PBXBuildFile; fileRef = BFFED1AD1DD4AFF500FC8C76 /* ViewController.m */; };
		BFFED1B11DD4AFF500FC8C76 /* Main.storyboard in Resources */ = {isa = PBXBuildFile; fileRef = BFFED1AF1DD4AFF500FC8C76 /* Main.storyboard */; };
		BFFED1B61DD4AFF500FC8C76 /* LaunchScreen.storyboard in Resources */ = {isa = PBXBuildFile; fileRef = BFFED1B41DD4AFF500FC8C76 /* LaunchScreen.storyboard */; };
		BFFED1BF1DD4B02500FC8C76 /* HMUnlockView.m in Sources */ = {isa = PBXBuildFile; fileRef = BFFED1BE1DD4B02500FC8C76 /* HMUnlockView.m */; };
		BFFED1C71DD4BCDA00FC8C76 /* SVIndefiniteAnimatedView.m in Sources */ = {isa = PBXBuildFile; fileRef = BFFED1C21DD4BCDA00FC8C76 /* SVIndefiniteAnimatedView.m */; };
		BFFED1C81DD4BCDA00FC8C76 /* SVProgressHUD.bundle in Resources */ = {isa = PBXBuildFile; fileRef = BFFED1C41DD4BCDA00FC8C76 /* SVProgressHUD.bundle */; };
		BFFED1C91DD4BCDA00FC8C76 /* SVProgressHUD.m in Sources */ = {isa = PBXBuildFile; fileRef = BFFED1C61DD4BCDA00FC8C76 /* SVProgressHUD.m */; };
		BFFED1CC1DD4BDA400FC8C76 /* HMMainViewController.m in Sources */ = {isa = PBXBuildFile; fileRef = BFFED1CB1DD4BDA400FC8C76 /* HMMainViewController.m */; };
		BFFED1CE1DD4BE5900FC8C76 /* Assets.xcassets in Resources */ = {isa = PBXBuildFile; fileRef = BFFED1CD1DD4BE5900FC8C76 /* Assets.xcassets */; };
/* End PBXBuildFile section */

/* Begin PBXFileReference section */
		BFFED1A31DD4AFF500FC8C76 /* 05-手势解锁.app */ = {isa = PBXFileReference; explicitFileType = wrapper.application; includeInIndex = 0; path = "05-手势解锁.app"; sourceTree = BUILT_PRODUCTS_DIR; };
		BFFED1A71DD4AFF500FC8C76 /* main.m */ = {isa = PBXFileReference; lastKnownFileType = sourcecode.c.objc; path = main.m; sourceTree = "<group>"; };
		BFFED1A91DD4AFF500FC8C76 /* AppDelegate.h */ = {isa = PBXFileReference; lastKnownFileType = sourcecode.c.h; path = AppDelegate.h; sourceTree = "<group>"; };
		BFFED1AA1DD4AFF500FC8C76 /* AppDelegate.m */ = {isa = PBXFileReference; lastKnownFileType = sourcecode.c.objc; path = AppDelegate.m; sourceTree = "<group>"; };
		BFFED1AC1DD4AFF500FC8C76 /* ViewController.h */ = {isa = PBXFileReference; lastKnownFileType = sourcecode.c.h; path = ViewController.h; sourceTree = "<group>"; };
		BFFED1AD1DD4AFF500FC8C76 /* ViewController.m */ = {isa = PBXFileReference; lastKnownFileType = sourcecode.c.objc; path = ViewController.m; sourceTree = "<group>"; };
		BFFED1B01DD4AFF500FC8C76 /* Base */ = {isa = PBXFileReference; lastKnownFileType = file.storyboard; name = Base; path = Base.lproj/Main.storyboard; sourceTree = "<group>"; };
		BFFED1B51DD4AFF500FC8C76 /* Base */ = {isa = PBXFileReference; lastKnownFileType = file.storyboard; name = Base; path = Base.lproj/LaunchScreen.storyboard; sourceTree = "<group>"; };
		BFFED1B71DD4AFF500FC8C76 /* Info.plist */ = {isa = PBXFileReference; lastKnownFileType = text.plist.xml; path = Info.plist; sourceTree = "<group>"; };
		BFFED1BD1DD4B02500FC8C76 /* HMUnlockView.h */ = {isa = PBXFileReference; fileEncoding = 4; lastKnownFileType = sourcecode.c.h; path = HMUnlockView.h; sourceTree = "<group>"; };
		BFFED1BE1DD4B02500FC8C76 /* HMUnlockView.m */ = {isa = PBXFileReference; fileEncoding = 4; lastKnownFileType = sourcecode.c.objc; path = HMUnlockView.m; sourceTree = "<group>"; };
		BFFED1C11DD4BCDA00FC8C76 /* SVIndefiniteAnimatedView.h */ = {isa = PBXFileReference; fileEncoding = 4; lastKnownFileType = sourcecode.c.h; path = SVIndefiniteAnimatedView.h; sourceTree = "<group>"; };
		BFFED1C21DD4BCDA00FC8C76 /* SVIndefiniteAnimatedView.m */ = {isa = PBXFileReference; fileEncoding = 4; lastKnownFileType = sourcecode.c.objc; path = SVIndefiniteAnimatedView.m; sourceTree = "<group>"; };
		BFFED1C31DD4BCDA00FC8C76 /* SVProgressHUD-Prefix.pch */ = {isa = PBXFileReference; fileEncoding = 4; lastKnownFileType = sourcecode.c.h; path = "SVProgressHUD-Prefix.pch"; sourceTree = "<group>"; };
		BFFED1C41DD4BCDA00FC8C76 /* SVProgressHUD.bundle */ = {isa = PBXFileReference; lastKnownFileType = "wrapper.plug-in"; path = SVProgressHUD.bundle; sourceTree = "<group>"; };
		BFFED1C51DD4BCDA00FC8C76 /* SVProgressHUD.h */ = {isa = PBXFileReference; fileEncoding = 4; lastKnownFileType = sourcecode.c.h; path = SVProgressHUD.h; sourceTree = "<group>"; };
		BFFED1C61DD4BCDA00FC8C76 /* SVProgressHUD.m */ = {isa = PBXFileReference; fileEncoding = 4; lastKnownFileType = sourcecode.c.objc; path = SVProgressHUD.m; sourceTree = "<group>"; };
		BFFED1CA1DD4BDA400FC8C76 /* HMMainViewController.h */ = {isa = PBXFileReference; fileEncoding = 4; lastKnownFileType = sourcecode.c.h; path = HMMainViewController.h; sourceTree = "<group>"; };
		BFFED1CB1DD4BDA400FC8C76 /* HMMainViewController.m */ = {isa = PBXFileReference; fileEncoding = 4; lastKnownFileType = sourcecode.c.objc; path = HMMainViewController.m; sourceTree = "<group>"; };
		BFFED1CD1DD4BE5900FC8C76 /* Assets.xcassets */ = {isa = PBXFileReference; lastKnownFileType = folder.assetcatalog; path = Assets.xcassets; sourceTree = "<group>"; };
/* End PBXFileReference section */

/* Begin PBXFrameworksBuildPhase section */
		BFFED1A01DD4AFF500FC8C76 /* Frameworks */ = {
			isa = PBXFrameworksBuildPhase;
			buildActionMask = 2147483647;
			files = (
			);
			runOnlyForDeploymentPostprocessing = 0;
		};
/* End PBXFrameworksBuildPhase section */

/* Begin PBXGroup section */
		BFFED19A1DD4AFF500FC8C76 = {
			isa = PBXGroup;
			children = (
				BFFED1A51DD4AFF500FC8C76 /* 05-手势解锁 */,
				BFFED1A41DD4AFF500FC8C76 /* Products */,
			);
			sourceTree = "<group>";
		};
		BFFED1A41DD4AFF500FC8C76 /* Products */ = {
			isa = PBXGroup;
			children = (
				BFFED1A31DD4AFF500FC8C76 /* 05-手势解锁.app */,
			);
			name = Products;
			sourceTree = "<group>";
		};
		BFFED1A51DD4AFF500FC8C76 /* 05-手势解锁 */ = {
			isa = PBXGroup;
			children = (
				BFFED1C01DD4BCDA00FC8C76 /* SVProgressHUD */,
				BFFED1A91DD4AFF500FC8C76 /* AppDelegate.h */,
				BFFED1AA1DD4AFF500FC8C76 /* AppDelegate.m */,
				BFFED1AC1DD4AFF500FC8C76 /* ViewController.h */,
				BFFED1AD1DD4AFF500FC8C76 /* ViewController.m */,
				BFFED1AF1DD4AFF500FC8C76 /* Main.storyboard */,
				BFFED1BD1DD4B02500FC8C76 /* HMUnlockView.h */,
				BFFED1BE1DD4B02500FC8C76 /* HMUnlockView.m */,
				BFFED1CA1DD4BDA400FC8C76 /* HMMainViewController.h */,
				BFFED1CB1DD4BDA400FC8C76 /* HMMainViewController.m */,
				BFFED1B41DD4AFF500FC8C76 /* LaunchScreen.storyboard */,
				BFFED1B71DD4AFF500FC8C76 /* Info.plist */,
				BFFED1CD1DD4BE5900FC8C76 /* Assets.xcassets */,
				BFFED1A61DD4AFF500FC8C76 /* Supporting Files */,
			);
			path = "05-手势解锁";
			sourceTree = "<group>";
		};
		BFFED1A61DD4AFF500FC8C76 /* Supporting Files */ = {
			isa = PBXGroup;
			children = (
				BFFED1A71DD4AFF500FC8C76 /* main.m */,
			);
			name = "Supporting Files";
			sourceTree = "<group>";
		};
		BFFED1C01DD4BCDA00FC8C76 /* SVProgressHUD */ = {
			isa = PBXGroup;
			children = (
				BFFED1C11DD4BCDA00FC8C76 /* SVIndefiniteAnimatedView.h */,
				BFFED1C21DD4BCDA00FC8C76 /* SVIndefiniteAnimatedView.m */,
				BFFED1C31DD4BCDA00FC8C76 /* SVProgressHUD-Prefix.pch */,
				BFFED1C41DD4BCDA00FC8C76 /* SVProgressHUD.bundle */,
				BFFED1C51DD4BCDA00FC8C76 /* SVProgressHUD.h */,
				BFFED1C61DD4BCDA00FC8C76 /* SVProgressHUD.m */,
			);
			path = SVProgressHUD;
			sourceTree = "<group>";
		};
/* End PBXGroup section */

/* Begin PBXNativeTarget section */
		BFFED1A21DD4AFF500FC8C76 /* 05-手势解锁 */ = {
			isa = PBXNativeTarget;
			buildConfigurationList = BFFED1BA1DD4AFF500FC8C76 /* Build configuration list for PBXNativeTarget "05-手势解锁" */;
			buildPhases = (
				BFFED19F1DD4AFF500FC8C76 /* Sources */,
				BFFED1A01DD4AFF500FC8C76 /* Frameworks */,
				BFFED1A11DD4AFF500FC8C76 /* Resources */,
			);
			buildRules = (
			);
			dependencies = (
			);
			name = "05-手势解锁";
			productName = "05-手势解锁";
			productReference = BFFED1A31DD4AFF500FC8C76 /* 05-手势解锁.app */;
			productType = "com.apple.product-type.application";
		};
/* End PBXNativeTarget section */

/* Begin PBXProject section */
		BFFED19B1DD4AFF500FC8C76 /* Project object */ = {
			isa = PBXProject;
			attributes = {
				LastUpgradeCheck = 0810;
				ORGANIZATIONNAME = JackMeng;
				TargetAttributes = {
					BFFED1A21DD4AFF500FC8C76 = {
						CreatedOnToolsVersion = 8.1;
						DevelopmentTeam = DNKDPARSX8;
						ProvisioningStyle = Automatic;
					};
				};
			};
			buildConfigurationList = BFFED19E1DD4AFF500FC8C76 /* Build configuration list for PBXProject "05-手势解锁" */;
			compatibilityVersion = "Xcode 3.2";
			developmentRegion = English;
			hasScannedForEncodings = 0;
			knownRegions = (
				en,
				Base,
			);
			mainGroup = BFFED19A1DD4AFF500FC8C76;
			productRefGroup = BFFED1A41DD4AFF500FC8C76 /* Products */;
			projectDirPath = "";
			projectRoot = "";
			targets = (
				BFFED1A21DD4AFF500FC8C76 /* 05-手势解锁 */,
			);
		};
/* End PBXProject section */

/* Begin PBXResourcesBuildPhase section */
		BFFED1A11DD4AFF500FC8C76 /* Resources */ = {
			isa = PBXResourcesBuildPhase;
			buildActionMask = 2147483647;
			files = (
				BFFED1B61DD4AFF500FC8C76 /* LaunchScreen.storyboard in Resources */,
				BFFED1C81DD4BCDA00FC8C76 /* SVProgressHUD.bundle in Resources */,
				BFFED1CE1DD4BE5900FC8C76 /* Assets.xcassets in Resources */,
				BFFED1B11DD4AFF500FC8C76 /* Main.storyboard in Resources */,
			);
			runOnlyForDeploymentPostprocessing = 0;
		};
/* End PBXResourcesBuildPhase section */

/* Begin PBXSourcesBuildPhase section */
		BFFED19F1DD4AFF500FC8C76 /* Sources */ = {
			isa = PBXSourcesBuildPhase;
			buildActionMask = 2147483647;
			files = (
				BFFED1C71DD4BCDA00FC8C76 /* SVIndefiniteAnimatedView.m in Sources */,
				BFFED1CC1DD4BDA400FC8C76 /* HMMainViewController.m in Sources */,
				BFFED1AE1DD4AFF500FC8C76 /* ViewController.m in Sources */,
				BFFED1BF1DD4B02500FC8C76 /* HMUnlockView.m in Sources */,
				BFFED1AB1DD4AFF500FC8C76 /* AppDelegate.m in Sources */,
				BFFED1A81DD4AFF500FC8C76 /* main.m in Sources */,
				BFFED1C91DD4BCDA00FC8C76 /* SVProgressHUD.m in Sources */,
			);
			runOnlyForDeploymentPostprocessing = 0;
		};
/* End PBXSourcesBuildPhase section */

/* Begin PBXVariantGroup section */
		BFFED1AF1DD4AFF500FC8C76 /* Main.storyboard */ = {
			isa = PBXVariantGroup;
			children = (
				BFFED1B01DD4AFF500FC8C76 /* Base */,
			);
			name = Main.storyboard;
			sourceTree = "<group>";
		};
		BFFED1B41DD4AFF500FC8C76 /* LaunchScreen.storyboard */ = {
			isa = PBXVariantGroup;
			children = (
				BFFED1B51DD4AFF500FC8C76 /* Base */,
			);
			name = LaunchScreen.storyboard;
			sourceTree = "<group>";
		};
/* End PBXVariantGroup section */

/* Begin XCBuildConfiguration section */
		BFFED1B81DD4AFF500FC8C76 /* Debug */ = {
			isa = XCBuildConfiguration;
			buildSettings = {
				ALWAYS_SEARCH_USER_PATHS = NO;
				CLANG_ANALYZER_NONNULL = YES;
				CLANG_CXX_LANGUAGE_STANDARD = "gnu++0x";
				CLANG_CXX_LIBRARY = "libc++";
				CLANG_ENABLE_MODULES = YES;
				CLANG_ENABLE_OBJC_ARC = YES;
				CLANG_WARN_BOOL_CONVERSION = YES;
				CLANG_WARN_CONSTANT_CONVERSION = YES;
				CLANG_WARN_DIRECT_OBJC_ISA_USAGE = YES_ERROR;
				CLANG_WARN_DOCUMENTATION_COMMENTS = YES;
				CLANG_WARN_EMPTY_BODY = YES;
				CLANG_WARN_ENUM_CONVERSION = YES;
				CLANG_WARN_INFINITE_RECURSION = YES;
				CLANG_WARN_INT_CONVERSION = YES;
				CLANG_WARN_OBJC_ROOT_CLASS = YES_ERROR;
				CLANG_WARN_SUSPICIOUS_MOVES = YES;
				CLANG_WARN_UNREACHABLE_CODE = YES;
				CLANG_WARN__DUPLICATE_METHOD_MATCH = YES;
				"CODE_SIGN_IDENTITY[sdk=iphoneos*]" = "iPhone Developer";
				COPY_PHASE_STRIP = NO;
				DEBUG_INFORMATION_FORMAT = dwarf;
				ENABLE_STRICT_OBJC_MSGSEND = YES;
				ENABLE_TESTABILITY = YES;
				GCC_C_LANGUAGE_STANDARD = gnu99;
				GCC_DYNAMIC_NO_PIC = NO;
				GCC_NO_COMMON_BLOCKS = YES;
				GCC_OPTIMIZATION_LEVEL = 0;
				GCC_PREPROCESSOR_DEFINITIONS = (
					"DEBUG=1",
					"$(inherited)",
				);
				GCC_WARN_64_TO_32_BIT_CONVERSION = YES;
				GCC_WARN_ABOUT_RETURN_TYPE = YES_ERROR;
				GCC_WARN_UNDECLARED_SELECTOR = YES;
				GCC_WARN_UNINITIALIZED_AUTOS = YES_AGGRESSIVE;
				GCC_WARN_UNUSED_FUNCTION = YES;
				GCC_WARN_UNUSED_VARIABLE = YES;
				IPHONEOS_DEPLOYMENT_TARGET = 10.1;
				MTL_ENABLE_DEBUG_INFO = YES;
				ONLY_ACTIVE_ARCH = YES;
				SDKROOT = iphoneos;
			};
			name = Debug;
		};
		BFFED1B91DD4AFF500FC8C76 /* Release */ = {
			isa = XCBuildConfiguration;
			buildSettings = {
				ALWAYS_SEARCH_USER_PATHS = NO;
				CLANG_ANALYZER_NONNULL = YES;
				CLANG_CXX_LANGUAGE_STANDARD = "gnu++0x";
				CLANG_CXX_LIBRARY = "libc++";
				CLANG_ENABLE_MODULES = YES;
				CLANG_ENABLE_OBJC_ARC = YES;
				CLANG_WARN_BOOL_CONVERSION = YES;
				CLANG_WARN_CONSTANT_CONVERSION = YES;
				CLANG_WARN_DIRECT_OBJC_ISA_USAGE = YES_ERROR;
				CLANG_WARN_DOCUMENTATION_COMMENTS = YES;
				CLANG_WARN_EMPTY_BODY = YES;
				CLANG_WARN_ENUM_CONVERSION = YES;
				CLANG_WARN_INFINITE_RECURSION = YES;
				CLANG_WARN_INT_CONVERSION = YES;
				CLANG_WARN_OBJC_ROOT_CLASS = YES_ERROR;
				CLANG_WARN_SUSPICIOUS_MOVES = YES;
				CLANG_WARN_UNREACHABLE_CODE = YES;
				CLANG_WARN__DUPLICATE_METHOD_MATCH = YES;
				"CODE_SIGN_IDENTITY[sdk=iphoneos*]" = "iPhone Developer";
				COPY_PHASE_STRIP = NO;
				DEBUG_INFORMATION_FORMAT = "dwarf-with-dsym";
				ENABLE_NS_ASSERTIONS = NO;
				ENABLE_STRICT_OBJC_MSGSEND = YES;
				GCC_C_LANGUAGE_STANDARD = gnu99;
				GCC_NO_COMMON_BLOCKS = YES;
				GCC_WARN_64_TO_32_BIT_CONVERSION = YES;
				GCC_WARN_ABOUT_RETURN_TYPE = YES_ERROR;
				GCC_WARN_UNDECLARED_SELECTOR = YES;
				GCC_WARN_UNINITIALIZED_AUTOS = YES_AGGRESSIVE;
				GCC_WARN_UNUSED_FUNCTION = YES;
				GCC_WARN_UNUSED_VARIABLE = YES;
				IPHONEOS_DEPLOYMENT_TARGET = 10.1;
				MTL_ENABLE_DEBUG_INFO = NO;
				SDKROOT = iphoneos;
				VALIDATE_PRODUCT = YES;
			};
			name = Release;
		};
		BFFED1BB1DD4AFF500FC8C76 /* Debug */ = {
			isa = XCBuildConfiguration;
			buildSettings = {
				ASSETCATALOG_COMPILER_APPICON_NAME = AppIcon;
				DEVELOPMENT_TEAM = DNKDPARSX8;
				INFOPLIST_FILE = "05-手势解锁/Info.plist";
				LD_RUNPATH_SEARCH_PATHS = "$(inherited) @executable_path/Frameworks";
				PRODUCT_BUNDLE_IDENTIFIER = "cn.itcast.-5-----";
				PRODUCT_NAME = "$(TARGET_NAME)";
			};
			name = Debug;
		};
		BFFED1BC1DD4AFF500FC8C76 /* Release */ = {
			isa = XCBuildConfiguration;
			buildSettings = {
				ASSETCATALOG_COMPILER_APPICON_NAME = AppIcon;
				DEVELOPMENT_TEAM = DNKDPARSX8;
				INFOPLIST_FILE = "05-手势解锁/Info.plist";
				LD_RUNPATH_SEARCH_PATHS = "$(inherited) @executable_path/Frameworks";
				PRODUCT_BUNDLE_IDENTIFIER = "cn.itcast.-5-----";
				PRODUCT_NAME = "$(TARGET_NAME)";
			};
			name = Release;
		};
/* End XCBuildConfiguration section */

/* Begin XCConfigurationList section */
		BFFED19E1DD4AFF500FC8C76 /* Build configuration list for PBXProject "05-手势解锁" */ = {
			isa = XCConfigurationList;
			buildConfigurations = (
				BFFED1B81DD4AFF500FC8C76 /* Debug */,
				BFFED1B91DD4AFF500FC8C76 /* Release */,
			);
			defaultConfigurationIsVisible = 0;
			defaultConfigurationName = Release;
		};
		BFFED1BA1DD4AFF500FC8C76 /* Build configuration list for PBXNativeTarget "05-手势解锁" */ = {
			isa = XCConfigurationList;
			buildConfigurations = (
				BFFED1BB1DD4AFF500FC8C76 /* Debug */,
				BFFED1BC1DD4AFF500FC8C76 /* Release */,
			);
			defaultConfigurationIsVisible = 0;
		};
/* End XCConfigurationList section */
	};
	rootObject = BFFED19B1DD4AFF500FC8C76 /* Project object */;
}
